
Microsoft Visual Studio Solution File, Format Version 12.00
# Visual Studio 15
VisualStudioVersion = 15.0.26730.12
MinimumVisualStudioVersion = 10.0.40219.1
Project("{FAE04EC0-301F-11D3-BF4B-00C04F79EFBC}") = "Force", "Force\Force.csproj", "{31C9800A-2CFD-41D1-83C5-90017BA70588}"
EndProject
Global
	GlobalSection(SolutionConfigurationPlatforms) = preSolution
		Debug|Any CPU = Debug|Any CPU
		Release|Any CPU = Release|Any CPU
	EndGlobalSection
	GlobalSection(ProjectConfigurationPlatforms) = postSolution
		{31C9800A-2CFD-41D1-83C5-90017BA70588}.Debug|Any CPU.ActiveCfg = Debug|Any CPU
		{31C9800A-2CFD-41D1-83C5-90017BA70588}.Debug|Any CPU.Build.0 = Debug|Any CPU
		{31C9800A-2CFD-41D1-83C5-90017BA70588}.Release|Any CPU.ActiveCfg = Release|Any CPU
		{31C9800A-2CFD-41D1-83C5-90017BA70588}.Release|Any CPU.Build.0 = Release|Any CPU
	EndGlobalSection
	GlobalSection(SolutionProperties) = preSolution
		HideSolutionNode = FALSE
	EndGlobalSection
	GlobalSection(ExtensibilityGlobals) = postSolution
		SolutionGuid = {59A5D604-7C1F-491D-AB12-B8C9A47C440E}
	EndGlobalSection
EndGlobal
